
Microsoft Visual Studio Solution File, Format Version 12.00
# Visual Studio 2012
Project("{FAE04EC0-301F-11D3-BF4B-00C04F79EFBC}") = "Abstract_Factory", "Abstract_Factory\Abstract_Factory.csproj", "{0C150BA7-E301-4750-985F-948F4261E706}"
EndProject
Global
	GlobalSection(SolutionConfigurationPlatforms) = preSolution
		Debug|x86 = Debug|x86
		Release|x86 = Release|x86
	EndGlobalSection
	GlobalSection(ProjectConfigurationPlatforms) = postSolution
		{0C150BA7-E301-4750-985F-948F4261E706}.Debug|x86.ActiveCfg = Debug|x86
		{0C150BA7-E301-4750-985F-948F4261E706}.Debug|x86.Build.0 = Debug|x86
		{0C150BA7-E301-4750-985F-948F4261E706}.Release|x86.ActiveCfg = Release|x86
		{0C150BA7-E301-4750-985F-948F4261E706}.Release|x86.Build.0 = Release|x86
	EndGlobalSection
EndGlobal
